
Microsoft Visual Studio Solution File, Format Version 11.00
# Visual Studio 2010
Project("{FAE04EC0-301F-11D3-BF4B-00C04F79EFBC}") = "Cheshire", "Cheshire.csproj", "{3BE0079C-2F27-411E-9D68-8D17D73C7169}"
EndProject
Project("{FAE04EC0-301F-11D3-BF4B-00C04F79EFBC}") = "ALICE", "..\ALICE\ALICE.csproj", "{85B36136-5472-4D99-A02F-B61FCAFC0AC5}"
EndProject
Global
	GlobalSection(SolutionConfigurationPlatforms) = preSolution
		Debug|Any CPU = Debug|Any CPU
		Debug|Mixed Platforms = Debug|Mixed Platforms
		Debug|x64 = Debug|x64
		Debug|x86 = Debug|x86
		Release|Any CPU = Release|Any CPU
		Release|Mixed Platforms = Release|Mixed Platforms
		Release|x64 = Release|x64
		Release|x86 = Release|x86
	EndGlobalSection
	GlobalSection(ProjectConfigurationPlatforms) = postSolution
		{3BE0079C-2F27-411E-9D68-8D17D73C7169}.Debug|Any CPU.ActiveCfg = Debug|x64
		{3BE0079C-2F27-411E-9D68-8D17D73C7169}.Debug|Mixed Platforms.ActiveCfg = Debug|x64
		{3BE0079C-2F27-411E-9D68-8D17D73C7169}.Debug|Mixed Platforms.Build.0 = Debug|x64
		{3BE0079C-2F27-411E-9D68-8D17D73C7169}.Debug|x64.ActiveCfg = Debug|x64
		{3BE0079C-2F27-411E-9D68-8D17D73C7169}.Debug|x64.Build.0 = Debug|x64
		{3BE0079C-2F27-411E-9D68-8D17D73C7169}.Debug|x86.ActiveCfg = Debug|x86
		{3BE0079C-2F27-411E-9D68-8D17D73C7169}.Debug|x86.Build.0 = Debug|x86
		{3BE0079C-2F27-411E-9D68-8D17D73C7169}.Release|Any CPU.ActiveCfg = Release|x64
		{3BE0079C-2F27-411E-9D68-8D17D73C7169}.Release|Mixed Platforms.ActiveCfg = Release|x64
		{3BE0079C-2F27-411E-9D68-8D17D73C7169}.Release|Mixed Platforms.Build.0 = Release|x64
		{3BE0079C-2F27-411E-9D68-8D17D73C7169}.Release|x64.ActiveCfg = Release|x64
		{3BE0079C-2F27-411E-9D68-8D17D73C7169}.Release|x64.Build.0 = Release|x64
		{3BE0079C-2F27-411E-9D68-8D17D73C7169}.Release|x86.ActiveCfg = Release|x86
		{3BE0079C-2F27-411E-9D68-8D17D73C7169}.Release|x86.Build.0 = Release|x86
		{85B36136-5472-4D99-A02F-B61FCAFC0AC5}.Debug|Any CPU.ActiveCfg = Debug|Any CPU
		{85B36136-5472-4D99-A02F-B61FCAFC0AC5}.Debug|Any CPU.Build.0 = Debug|Any CPU
		{85B36136-5472-4D99-A02F-B61FCAFC0AC5}.Debug|Mixed Platforms.ActiveCfg = Debug|Any CPU
		{85B36136-5472-4D99-A02F-B61FCAFC0AC5}.Debug|Mixed Platforms.Build.0 = Debug|Any CPU
		{85B36136-5472-4D99-A02F-B61FCAFC0AC5}.Debug|x64.ActiveCfg = Debug|Any CPU
		{85B36136-5472-4D99-A02F-B61FCAFC0AC5}.Debug|x86.ActiveCfg = Debug|Any CPU
		{85B36136-5472-4D99-A02F-B61FCAFC0AC5}.Release|Any CPU.ActiveCfg = Release|Any CPU
		{85B36136-5472-4D99-A02F-B61FCAFC0AC5}.Release|Any CPU.Build.0 = Release|Any CPU
		{85B36136-5472-4D99-A02F-B61FCAFC0AC5}.Release|Mixed Platforms.ActiveCfg = Release|Any CPU
		{85B36136-5472-4D99-A02F-B61FCAFC0AC5}.Release|Mixed Platforms.Build.0 = Release|Any CPU
		{85B36136-5472-4D99-A02F-B61FCAFC0AC5}.Release|x64.ActiveCfg = Release|Any CPU
		{85B36136-5472-4D99-A02F-B61FCAFC0AC5}.Release|x86.ActiveCfg = Release|Any CPU
	EndGlobalSection
	GlobalSection(MonoDevelopProperties) = preSolution
		StartupItem = ..\ALICE\ALICE.csproj
	EndGlobalSection
	GlobalSection(SolutionProperties) = preSolution
		HideSolutionNode = FALSE
	EndGlobalSection
EndGlobal
